// !$*UTF8*$!
{
	archiveVersion = 1;
	classes = {
	};
	objectVersion = 56;
	objects = {

/* Begin PBXBuildFile section */
		D317ECB62C28698A0090B3E0 /* CustomTabView.swift in Sources */ = {isa = PBXBuildFile; fileRef = D317ECB52C28698A0090B3E0 /* CustomTabView.swift */; };
		D317ECB82C2869C70090B3E0 /* ContactsScreen.swift in Sources */ = {isa = PBXBuildFile; fileRef = D317ECB72C2869C70090B3E0 /* ContactsScreen.swift */; };
		D317ECBC2C286A1E0090B3E0 /* ChatsScreen.swift in Sources */ = {isa = PBXBuildFile; fileRef = D317ECBB2C286A1E0090B3E0 /* ChatsScreen.swift */; };
		D317ECBE2C286A3C0090B3E0 /* SettingsScreen.swift in Sources */ = {isa = PBXBuildFile; fileRef = D317ECBD2C286A3C0090B3E0 /* SettingsScreen.swift */; };
		D32AD4CC2C11FB580022A21C /* WalkthroughScreen_LabelView.swift in Sources */ = {isa = PBXBuildFile; fileRef = D32AD4CB2C11FB580022A21C /* WalkthroughScreen_LabelView.swift */; };
		D385B3E92C2E047E0099DDC6 /* Font+Extensions.swift in Sources */ = {isa = PBXBuildFile; fileRef = D385B3E82C2E047E0099DDC6 /* Font+Extensions.swift */; };
		D3C513D12C11DF2300901FE2 /* VerificationScreen.swift in Sources */ = {isa = PBXBuildFile; fileRef = D3C513D02C11DF2300901FE2 /* VerificationScreen.swift */; };
		D3C513D52C11F4B900901FE2 /* WalkthroughScreen_ButtonStackView.swift in Sources */ = {isa = PBXBuildFile; fileRef = D3C513D42C11F4B900901FE2 /* WalkthroughScreen_ButtonStackView.swift */; };
		D3CDCDC42C109F4F00D7EB76 /* WBAppApp.swift in Sources */ = {isa = PBXBuildFile; fileRef = D3CDCDC32C109F4F00D7EB76 /* WBAppApp.swift */; };
		D3CDCDC62C109F4F00D7EB76 /* WalkthroughScreen.swift in Sources */ = {isa = PBXBuildFile; fileRef = D3CDCDC52C109F4F00D7EB76 /* WalkthroughScreen.swift */; };
		D3CDCDC82C109F5000D7EB76 /* Assets.xcassets in Resources */ = {isa = PBXBuildFile; fileRef = D3CDCDC72C109F5000D7EB76 /* Assets.xcassets */; };
		D3CDCDCB2C109F5000D7EB76 /* Preview Assets.xcassets in Resources */ = {isa = PBXBuildFile; fileRef = D3CDCDCA2C109F5000D7EB76 /* Preview Assets.xcassets */; };
		D3F5CBC52C33103D008394A1 /* Array+Extensions.swift in Sources */ = {isa = PBXBuildFile; fileRef = D3F5CBC42C33103D008394A1 /* Array+Extensions.swift */; };
		D3F5CBC82C334582008394A1 /* Router.swift in Sources */ = {isa = PBXBuildFile; fileRef = D3F5CBC72C334582008394A1 /* Router.swift */; };
		D3F5CBCC2C33472E008394A1 /* TabBarItemView.swift in Sources */ = {isa = PBXBuildFile; fileRef = D3F5CBCB2C33472E008394A1 /* TabBarItemView.swift */; };
		D3FB4E832C35605500163E4C /* ContactsScreen_RowView.swift in Sources */ = {isa = PBXBuildFile; fileRef = D3FB4E822C35605500163E4C /* ContactsScreen_RowView.swift */; };
		D3FB4E862C35610800163E4C /* Contact.swift in Sources */ = {isa = PBXBuildFile; fileRef = D3FB4E852C35610800163E4C /* Contact.swift */; };
		D3FB4E882C35802100163E4C /* String+Extensions.swift in Sources */ = {isa = PBXBuildFile; fileRef = D3FB4E872C35802100163E4C /* String+Extensions.swift */; };
		D3FB4E8A2C35BBEB00163E4C /* Color+Extensions.swift in Sources */ = {isa = PBXBuildFile; fileRef = D3FB4E892C35BBEB00163E4C /* Color+Extensions.swift */; };
		D3FB4E8C2C35CE0000163E4C /* ContactsScreen_AvatarView.swift in Sources */ = {isa = PBXBuildFile; fileRef = D3FB4E8B2C35CE0000163E4C /* ContactsScreen_AvatarView.swift */; };
		D3FB4E8E2C35D61100163E4C /* MockContacts.swift in Sources */ = {isa = PBXBuildFile; fileRef = D3FB4E8D2C35D61100163E4C /* MockContacts.swift */; };
/* End PBXBuildFile section */

/* Begin PBXFileReference section */
		D317ECB52C28698A0090B3E0 /* CustomTabView.swift */ = {isa = PBXFileReference; lastKnownFileType = sourcecode.swift; path = CustomTabView.swift; sourceTree = "<group>"; };
		D317ECB72C2869C70090B3E0 /* ContactsScreen.swift */ = {isa = PBXFileReference; lastKnownFileType = sourcecode.swift; path = ContactsScreen.swift; sourceTree = "<group>"; };
		D317ECBB2C286A1E0090B3E0 /* ChatsScreen.swift */ = {isa = PBXFileReference; lastKnownFileType = sourcecode.swift; path = ChatsScreen.swift; sourceTree = "<group>"; };
		D317ECBD2C286A3C0090B3E0 /* SettingsScreen.swift */ = {isa = PBXFileReference; lastKnownFileType = sourcecode.swift; path = SettingsScreen.swift; sourceTree = "<group>"; };
		D32AD4CB2C11FB580022A21C /* WalkthroughScreen_LabelView.swift */ = {isa = PBXFileReference; lastKnownFileType = sourcecode.swift; path = WalkthroughScreen_LabelView.swift; sourceTree = "<group>"; };
		D385B3E82C2E047E0099DDC6 /* Font+Extensions.swift */ = {isa = PBXFileReference; lastKnownFileType = sourcecode.swift; path = "Font+Extensions.swift"; sourceTree = "<group>"; };
		D3C513D02C11DF2300901FE2 /* VerificationScreen.swift */ = {isa = PBXFileReference; lastKnownFileType = sourcecode.swift; path = VerificationScreen.swift; sourceTree = "<group>"; };
		D3C513D42C11F4B900901FE2 /* WalkthroughScreen_ButtonStackView.swift */ = {isa = PBXFileReference; lastKnownFileType = sourcecode.swift; path = WalkthroughScreen_ButtonStackView.swift; sourceTree = "<group>"; };
		D3CDCDC02C109F4F00D7EB76 /* WBApp.app */ = {isa = PBXFileReference; explicitFileType = wrapper.application; includeInIndex = 0; path = WBApp.app; sourceTree = BUILT_PRODUCTS_DIR; };
		D3CDCDC32C109F4F00D7EB76 /* WBAppApp.swift */ = {isa = PBXFileReference; lastKnownFileType = sourcecode.swift; path = WBAppApp.swift; sourceTree = "<group>"; };
		D3CDCDC52C109F4F00D7EB76 /* WalkthroughScreen.swift */ = {isa = PBXFileReference; lastKnownFileType = sourcecode.swift; path = WalkthroughScreen.swift; sourceTree = "<group>"; };
		D3CDCDC72C109F5000D7EB76 /* Assets.xcassets */ = {isa = PBXFileReference; lastKnownFileType = folder.assetcatalog; path = Assets.xcassets; sourceTree = "<group>"; };
		D3CDCDCA2C109F5000D7EB76 /* Preview Assets.xcassets */ = {isa = PBXFileReference; lastKnownFileType = folder.assetcatalog; path = "Preview Assets.xcassets"; sourceTree = "<group>"; };
		D3F5CBC42C33103D008394A1 /* Array+Extensions.swift */ = {isa = PBXFileReference; lastKnownFileType = sourcecode.swift; path = "Array+Extensions.swift"; sourceTree = "<group>"; };
		D3F5CBC72C334582008394A1 /* Router.swift */ = {isa = PBXFileReference; lastKnownFileType = sourcecode.swift; path = Router.swift; sourceTree = "<group>"; };
		D3F5CBCB2C33472E008394A1 /* TabBarItemView.swift */ = {isa = PBXFileReference; lastKnownFileType = sourcecode.swift; path = TabBarItemView.swift; sourceTree = "<group>"; };
		D3FB4E822C35605500163E4C /* ContactsScreen_RowView.swift */ = {isa = PBXFileReference; lastKnownFileType = sourcecode.swift; path = ContactsScreen_RowView.swift; sourceTree = "<group>"; };
		D3FB4E852C35610800163E4C /* Contact.swift */ = {isa = PBXFileReference; lastKnownFileType = sourcecode.swift; path = Contact.swift; sourceTree = "<group>"; };
		D3FB4E872C35802100163E4C /* String+Extensions.swift */ = {isa = PBXFileReference; lastKnownFileType = sourcecode.swift; path = "String+Extensions.swift"; sourceTree = "<group>"; };
		D3FB4E892C35BBEB00163E4C /* Color+Extensions.swift */ = {isa = PBXFileReference; lastKnownFileType = sourcecode.swift; path = "Color+Extensions.swift"; sourceTree = "<group>"; };
		D3FB4E8B2C35CE0000163E4C /* ContactsScreen_AvatarView.swift */ = {isa = PBXFileReference; lastKnownFileType = sourcecode.swift; path = ContactsScreen_AvatarView.swift; sourceTree = "<group>"; };
		D3FB4E8D2C35D61100163E4C /* MockContacts.swift */ = {isa = PBXFileReference; lastKnownFileType = sourcecode.swift; path = MockContacts.swift; sourceTree = "<group>"; };
/* End PBXFileReference section */

/* Begin PBXFrameworksBuildPhase section */
		D3CDCDBD2C109F4F00D7EB76 /* Frameworks */ = {
			isa = PBXFrameworksBuildPhase;
			buildActionMask = 2147483647;
			files = (
			);
			runOnlyForDeploymentPostprocessing = 0;
		};
/* End PBXFrameworksBuildPhase section */

/* Begin PBXGroup section */
		D317ECB42C2863B80090B3E0 /* Contacts */ = {
			isa = PBXGroup;
			children = (
				D317ECB72C2869C70090B3E0 /* ContactsScreen.swift */,
				D3FB4E822C35605500163E4C /* ContactsScreen_RowView.swift */,
				D3FB4E8B2C35CE0000163E4C /* ContactsScreen_AvatarView.swift */,
			);
			path = Contacts;
			sourceTree = "<group>";
		};
		D317ECB92C2869D90090B3E0 /* Chats */ = {
			isa = PBXGroup;
			children = (
				D317ECBB2C286A1E0090B3E0 /* ChatsScreen.swift */,
			);
			path = Chats;
			sourceTree = "<group>";
		};
		D317ECBA2C2869FF0090B3E0 /* Settings */ = {
			isa = PBXGroup;
			children = (
				D317ECBD2C286A3C0090B3E0 /* SettingsScreen.swift */,
			);
			path = Settings;
			sourceTree = "<group>";
		};
		D385B3E72C2E045E0099DDC6 /* Extensions */ = {
			isa = PBXGroup;
			children = (
				D385B3E82C2E047E0099DDC6 /* Font+Extensions.swift */,
				D3F5CBC42C33103D008394A1 /* Array+Extensions.swift */,
				D3FB4E872C35802100163E4C /* String+Extensions.swift */,
				D3FB4E892C35BBEB00163E4C /* Color+Extensions.swift */,
			);
			path = Extensions;
			sourceTree = "<group>";
		};
		D385B3EA2C2E0D4D0099DDC6 /* TabView */ = {
			isa = PBXGroup;
			children = (
				D317ECB52C28698A0090B3E0 /* CustomTabView.swift */,
				D3F5CBCB2C33472E008394A1 /* TabBarItemView.swift */,
			);
			path = TabView;
			sourceTree = "<group>";
		};
		D3C513D62C11F72300901FE2 /* Walkthrough */ = {
			isa = PBXGroup;
			children = (
				D3CDCDC52C109F4F00D7EB76 /* WalkthroughScreen.swift */,
				D3C513D42C11F4B900901FE2 /* WalkthroughScreen_ButtonStackView.swift */,
				D32AD4CB2C11FB580022A21C /* WalkthroughScreen_LabelView.swift */,
			);
			path = Walkthrough;
			sourceTree = "<group>";
		};
		D3C513D72C11F80E00901FE2 /* Verification */ = {
			isa = PBXGroup;
			children = (
				D3C513D02C11DF2300901FE2 /* VerificationScreen.swift */,
			);
			path = Verification;
			sourceTree = "<group>";
		};
		D3CDCDB72C109F4F00D7EB76 = {
			isa = PBXGroup;
			children = (
				D3CDCDC22C109F4F00D7EB76 /* WBApp */,
				D3CDCDC12C109F4F00D7EB76 /* Products */,
			);
			sourceTree = "<group>";
		};
		D3CDCDC12C109F4F00D7EB76 /* Products */ = {
			isa = PBXGroup;
			children = (
				D3CDCDC02C109F4F00D7EB76 /* WBApp.app */,
			);
			name = Products;
			sourceTree = "<group>";
		};
		D3CDCDC22C109F4F00D7EB76 /* WBApp */ = {
			isa = PBXGroup;
			children = (
				D3CDCDC32C109F4F00D7EB76 /* WBAppApp.swift */,
				D3FB4E842C35609300163E4C /* Models */,
				D3F5CBC62C334568008394A1 /* Servicies */,
				D3C513D62C11F72300901FE2 /* Walkthrough */,
				D385B3EA2C2E0D4D0099DDC6 /* TabView */,
				D317ECB42C2863B80090B3E0 /* Contacts */,
				D317ECB92C2869D90090B3E0 /* Chats */,
				D317ECBA2C2869FF0090B3E0 /* Settings */,
				D3C513D72C11F80E00901FE2 /* Verification */,
				D385B3E72C2E045E0099DDC6 /* Extensions */,
				D3CDCDC92C109F5000D7EB76 /* Preview Content */,
				D3CDCDC72C109F5000D7EB76 /* Assets.xcassets */,
			);
			path = WBApp;
			sourceTree = "<group>";
		};
		D3CDCDC92C109F5000D7EB76 /* Preview Content */ = {
			isa = PBXGroup;
			children = (
				D3CDCDCA2C109F5000D7EB76 /* Preview Assets.xcassets */,
			);
			path = "Preview Content";
			sourceTree = "<group>";
		};
		D3F5CBC62C334568008394A1 /* Servicies */ = {
			isa = PBXGroup;
			children = (
				D3F5CBC72C334582008394A1 /* Router.swift */,
			);
			path = Servicies;
			sourceTree = "<group>";
		};
		D3FB4E842C35609300163E4C /* Models */ = {
			isa = PBXGroup;
			children = (
				D3FB4E852C35610800163E4C /* Contact.swift */,
				D3FB4E8D2C35D61100163E4C /* MockContacts.swift */,
			);
			path = Models;
			sourceTree = "<group>";
		};
/* End PBXGroup section */

/* Begin PBXNativeTarget section */
		D3CDCDBF2C109F4F00D7EB76 /* WBApp */ = {
			isa = PBXNativeTarget;
			buildConfigurationList = D3CDCDCE2C109F5000D7EB76 /* Build configuration list for PBXNativeTarget "WBApp" */;
			buildPhases = (
				D3CDCDBC2C109F4F00D7EB76 /* Sources */,
				D3CDCDBD2C109F4F00D7EB76 /* Frameworks */,
				D3CDCDBE2C109F4F00D7EB76 /* Resources */,
			);
			buildRules = (
			);
			dependencies = (
			);
			name = WBApp;
			productName = WBApp;
			productReference = D3CDCDC02C109F4F00D7EB76 /* WBApp.app */;
			productType = "com.apple.product-type.application";
		};
/* End PBXNativeTarget section */

/* Begin PBXProject section */
		D3CDCDB82C109F4F00D7EB76 /* Project object */ = {
			isa = PBXProject;
			attributes = {
				BuildIndependentTargetsInParallel = 1;
				LastSwiftUpdateCheck = 1540;
				LastUpgradeCheck = 1540;
				TargetAttributes = {
					D3CDCDBF2C109F4F00D7EB76 = {
						CreatedOnToolsVersion = 15.4;
					};
				};
			};
			buildConfigurationList = D3CDCDBB2C109F4F00D7EB76 /* Build configuration list for PBXProject "WBApp" */;
			compatibilityVersion = "Xcode 14.0";
			developmentRegion = en;
			hasScannedForEncodings = 0;
			knownRegions = (
				en,
				Base,
			);
			mainGroup = D3CDCDB72C109F4F00D7EB76;
			productRefGroup = D3CDCDC12C109F4F00D7EB76 /* Products */;
			projectDirPath = "";
			projectRoot = "";
			targets = (
				D3CDCDBF2C109F4F00D7EB76 /* WBApp */,
			);
		};
/* End PBXProject section */

/* Begin PBXResourcesBuildPhase section */
		D3CDCDBE2C109F4F00D7EB76 /* Resources */ = {
			isa = PBXResourcesBuildPhase;
			buildActionMask = 2147483647;
			files = (
				D3CDCDCB2C109F5000D7EB76 /* Preview Assets.xcassets in Resources */,
				D3CDCDC82C109F5000D7EB76 /* Assets.xcassets in Resources */,
			);
			runOnlyForDeploymentPostprocessing = 0;
		};
/* End PBXResourcesBuildPhase section */

/* Begin PBXSourcesBuildPhase section */
		D3CDCDBC2C109F4F00D7EB76 /* Sources */ = {
			isa = PBXSourcesBuildPhase;
			buildActionMask = 2147483647;
			files = (
				D3F5CBCC2C33472E008394A1 /* TabBarItemView.swift in Sources */,
				D317ECB82C2869C70090B3E0 /* ContactsScreen.swift in Sources */,
				D317ECBE2C286A3C0090B3E0 /* SettingsScreen.swift in Sources */,
				D3C513D12C11DF2300901FE2 /* VerificationScreen.swift in Sources */,
				D3FB4E882C35802100163E4C /* String+Extensions.swift in Sources */,
				D3FB4E832C35605500163E4C /* ContactsScreen_RowView.swift in Sources */,
				D3F5CBC52C33103D008394A1 /* Array+Extensions.swift in Sources */,
				D3F5CBC82C334582008394A1 /* Router.swift in Sources */,
				D3CDCDC62C109F4F00D7EB76 /* WalkthroughScreen.swift in Sources */,
				D3FB4E8E2C35D61100163E4C /* MockContacts.swift in Sources */,
				D32AD4CC2C11FB580022A21C /* WalkthroughScreen_LabelView.swift in Sources */,
				D3CDCDC42C109F4F00D7EB76 /* WBAppApp.swift in Sources */,
				D3C513D52C11F4B900901FE2 /* WalkthroughScreen_ButtonStackView.swift in Sources */,
				D3FB4E8C2C35CE0000163E4C /* ContactsScreen_AvatarView.swift in Sources */,
				D385B3E92C2E047E0099DDC6 /* Font+Extensions.swift in Sources */,
				D3FB4E8A2C35BBEB00163E4C /* Color+Extensions.swift in Sources */,
				D317ECB62C28698A0090B3E0 /* CustomTabView.swift in Sources */,
				D317ECBC2C286A1E0090B3E0 /* ChatsScreen.swift in Sources */,
				D3FB4E862C35610800163E4C /* Contact.swift in Sources */,
			);
			runOnlyForDeploymentPostprocessing = 0;
		};
/* End PBXSourcesBuildPhase section */

/* Begin XCBuildConfiguration section */
		D3CDCDCC2C109F5000D7EB76 /* Debug */ = {
			isa = XCBuildConfiguration;
			buildSettings = {
				ALWAYS_SEARCH_USER_PATHS = NO;
				ASSETCATALOG_COMPILER_GENERATE_SWIFT_ASSET_SYMBOL_EXTENSIONS = YES;
				CLANG_ANALYZER_NONNULL = YES;
				CLANG_ANALYZER_NUMBER_OBJECT_CONVERSION = YES_AGGRESSIVE;
				CLANG_CXX_LANGUAGE_STANDARD = "gnu++20";
				CLANG_ENABLE_MODULES = YES;
				CLANG_ENABLE_OBJC_ARC = YES;
				CLANG_ENABLE_OBJC_WEAK = YES;
				CLANG_WARN_BLOCK_CAPTURE_AUTORELEASING = YES;
				CLANG_WARN_BOOL_CONVERSION = YES;
				CLANG_WARN_COMMA = YES;
				CLANG_WARN_CONSTANT_CONVERSION = YES;
				CLANG_WARN_DEPRECATED_OBJC_IMPLEMENTATIONS = YES;
				CLANG_WARN_DIRECT_OBJC_ISA_USAGE = YES_ERROR;
				CLANG_WARN_DOCUMENTATION_COMMENTS = YES;
				CLANG_WARN_EMPTY_BODY = YES;
				CLANG_WARN_ENUM_CONVERSION = YES;
				CLANG_WARN_INFINITE_RECURSION = YES;
				CLANG_WARN_INT_CONVERSION = YES;
				CLANG_WARN_NON_LITERAL_NULL_CONVERSION = YES;
				CLANG_WARN_OBJC_IMPLICIT_RETAIN_SELF = YES;
				CLANG_WARN_OBJC_LITERAL_CONVERSION = YES;
				CLANG_WARN_OBJC_ROOT_CLASS = YES_ERROR;
				CLANG_WARN_QUOTED_INCLUDE_IN_FRAMEWORK_HEADER = YES;
				CLANG_WARN_RANGE_LOOP_ANALYSIS = YES;
				CLANG_WARN_STRICT_PROTOTYPES = YES;
				CLANG_WARN_SUSPICIOUS_MOVE = YES;
				CLANG_WARN_UNGUARDED_AVAILABILITY = YES_AGGRESSIVE;
				CLANG_WARN_UNREACHABLE_CODE = YES;
				CLANG_WARN__DUPLICATE_METHOD_MATCH = YES;
				COPY_PHASE_STRIP = NO;
				DEBUG_INFORMATION_FORMAT = dwarf;
				ENABLE_STRICT_OBJC_MSGSEND = YES;
				ENABLE_TESTABILITY = YES;
				ENABLE_USER_SCRIPT_SANDBOXING = YES;
				GCC_C_LANGUAGE_STANDARD = gnu17;
				GCC_DYNAMIC_NO_PIC = NO;
				GCC_NO_COMMON_BLOCKS = YES;
				GCC_OPTIMIZATION_LEVEL = 0;
				GCC_PREPROCESSOR_DEFINITIONS = (
					"DEBUG=1",
					"$(inherited)",
				);
				GCC_WARN_64_TO_32_BIT_CONVERSION = YES;
				GCC_WARN_ABOUT_RETURN_TYPE = YES_ERROR;
				GCC_WARN_UNDECLARED_SELECTOR = YES;
				GCC_WARN_UNINITIALIZED_AUTOS = YES_AGGRESSIVE;
				GCC_WARN_UNUSED_FUNCTION = YES;
				GCC_WARN_UNUSED_VARIABLE = YES;
				IPHONEOS_DEPLOYMENT_TARGET = 17.5;
				LOCALIZATION_PREFERS_STRING_CATALOGS = YES;
				MTL_ENABLE_DEBUG_INFO = INCLUDE_SOURCE;
				MTL_FAST_MATH = YES;
				ONLY_ACTIVE_ARCH = YES;
				SDKROOT = iphoneos;
				SWIFT_ACTIVE_COMPILATION_CONDITIONS = "DEBUG $(inherited)";
				SWIFT_OPTIMIZATION_LEVEL = "-Onone";
			};
			name = Debug;
		};
		D3CDCDCD2C109F5000D7EB76 /* Release */ = {
			isa = XCBuildConfiguration;
			buildSettings = {
				ALWAYS_SEARCH_USER_PATHS = NO;
				ASSETCATALOG_COMPILER_GENERATE_SWIFT_ASSET_SYMBOL_EXTENSIONS = YES;
				CLANG_ANALYZER_NONNULL = YES;
				CLANG_ANALYZER_NUMBER_OBJECT_CONVERSION = YES_AGGRESSIVE;
				CLANG_CXX_LANGUAGE_STANDARD = "gnu++20";
				CLANG_ENABLE_MODULES = YES;
				CLANG_ENABLE_OBJC_ARC = YES;
				CLANG_ENABLE_OBJC_WEAK = YES;
				CLANG_WARN_BLOCK_CAPTURE_AUTORELEASING = YES;
				CLANG_WARN_BOOL_CONVERSION = YES;
				CLANG_WARN_COMMA = YES;
				CLANG_WARN_CONSTANT_CONVERSION = YES;
				CLANG_WARN_DEPRECATED_OBJC_IMPLEMENTATIONS = YES;
				CLANG_WARN_DIRECT_OBJC_ISA_USAGE = YES_ERROR;
				CLANG_WARN_DOCUMENTATION_COMMENTS = YES;
				CLANG_WARN_EMPTY_BODY = YES;
				CLANG_WARN_ENUM_CONVERSION = YES;
				CLANG_WARN_INFINITE_RECURSION = YES;
				CLANG_WARN_INT_CONVERSION = YES;
				CLANG_WARN_NON_LITERAL_NULL_CONVERSION = YES;
				CLANG_WARN_OBJC_IMPLICIT_RETAIN_SELF = YES;
				CLANG_WARN_OBJC_LITERAL_CONVERSION = YES;
				CLANG_WARN_OBJC_ROOT_CLASS = YES_ERROR;
				CLANG_WARN_QUOTED_INCLUDE_IN_FRAMEWORK_HEADER = YES;
				CLANG_WARN_RANGE_LOOP_ANALYSIS = YES;
				CLANG_WARN_STRICT_PROTOTYPES = YES;
				CLANG_WARN_SUSPICIOUS_MOVE = YES;
				CLANG_WARN_UNGUARDED_AVAILABILITY = YES_AGGRESSIVE;
				CLANG_WARN_UNREACHABLE_CODE = YES;
				CLANG_WARN__DUPLICATE_METHOD_MATCH = YES;
				COPY_PHASE_STRIP = NO;
				DEBUG_INFORMATION_FORMAT = "dwarf-with-dsym";
				ENABLE_NS_ASSERTIONS = NO;
				ENABLE_STRICT_OBJC_MSGSEND = YES;
				ENABLE_USER_SCRIPT_SANDBOXING = YES;
				GCC_C_LANGUAGE_STANDARD = gnu17;
				GCC_NO_COMMON_BLOCKS = YES;
				GCC_WARN_64_TO_32_BIT_CONVERSION = YES;
				GCC_WARN_ABOUT_RETURN_TYPE = YES_ERROR;
				GCC_WARN_UNDECLARED_SELECTOR = YES;
				GCC_WARN_UNINITIALIZED_AUTOS = YES_AGGRESSIVE;
				GCC_WARN_UNUSED_FUNCTION = YES;
				GCC_WARN_UNUSED_VARIABLE = YES;
				IPHONEOS_DEPLOYMENT_TARGET = 17.5;
				LOCALIZATION_PREFERS_STRING_CATALOGS = YES;
				MTL_ENABLE_DEBUG_INFO = NO;
				MTL_FAST_MATH = YES;
				SDKROOT = iphoneos;
				SWIFT_COMPILATION_MODE = wholemodule;
				VALIDATE_PRODUCT = YES;
			};
			name = Release;
		};
		D3CDCDCF2C109F5000D7EB76 /* Debug */ = {
			isa = XCBuildConfiguration;
			buildSettings = {
				ASSETCATALOG_COMPILER_APPICON_NAME = AppIcon;
				ASSETCATALOG_COMPILER_GLOBAL_ACCENT_COLOR_NAME = AccentColor;
				CODE_SIGN_STYLE = Automatic;
				CURRENT_PROJECT_VERSION = 1;
				DEVELOPMENT_ASSET_PATHS = "\"WBApp/Preview Content\"";
				ENABLE_PREVIEWS = YES;
				GENERATE_INFOPLIST_FILE = YES;
				INFOPLIST_KEY_UIApplicationSceneManifest_Generation = YES;
				INFOPLIST_KEY_UIApplicationSupportsIndirectInputEvents = YES;
				INFOPLIST_KEY_UILaunchScreen_Generation = YES;
				INFOPLIST_KEY_UISupportedInterfaceOrientations = UIInterfaceOrientationPortrait;
				LD_RUNPATH_SEARCH_PATHS = (
					"$(inherited)",
					"@executable_path/Frameworks",
				);
				MARKETING_VERSION = 1.0;
				PRODUCT_BUNDLE_IDENTIFIER = denis.karpov.WBApp;
				PRODUCT_NAME = "$(TARGET_NAME)";
				SWIFT_EMIT_LOC_STRINGS = YES;
				SWIFT_VERSION = 5.0;
				TARGETED_DEVICE_FAMILY = "1,2";
			};
			name = Debug;
		};
		D3CDCDD02C109F5000D7EB76 /* Release */ = {
			isa = XCBuildConfiguration;
			buildSettings = {
				ASSETCATALOG_COMPILER_APPICON_NAME = AppIcon;
				ASSETCATALOG_COMPILER_GLOBAL_ACCENT_COLOR_NAME = AccentColor;
				CODE_SIGN_STYLE = Automatic;
				CURRENT_PROJECT_VERSION = 1;
				DEVELOPMENT_ASSET_PATHS = "\"WBApp/Preview Content\"";
				ENABLE_PREVIEWS = YES;
				GENERATE_INFOPLIST_FILE = YES;
				INFOPLIST_KEY_UIApplicationSceneManifest_Generation = YES;
				INFOPLIST_KEY_UIApplicationSupportsIndirectInputEvents = YES;
				INFOPLIST_KEY_UILaunchScreen_Generation = YES;
				INFOPLIST_KEY_UISupportedInterfaceOrientations = UIInterfaceOrientationPortrait;
				LD_RUNPATH_SEARCH_PATHS = (
					"$(inherited)",
					"@executable_path/Frameworks",
				);
				MARKETING_VERSION = 1.0;
				PRODUCT_BUNDLE_IDENTIFIER = denis.karpov.WBApp;
				PRODUCT_NAME = "$(TARGET_NAME)";
				SWIFT_EMIT_LOC_STRINGS = YES;
				SWIFT_VERSION = 5.0;
				TARGETED_DEVICE_FAMILY = "1,2";
			};
			name = Release;
		};
/* End XCBuildConfiguration section */

/* Begin XCConfigurationList section */
		D3CDCDBB2C109F4F00D7EB76 /* Build configuration list for PBXProject "WBApp" */ = {
			isa = XCConfigurationList;
			buildConfigurations = (
				D3CDCDCC2C109F5000D7EB76 /* Debug */,
				D3CDCDCD2C109F5000D7EB76 /* Release */,
			);
			defaultConfigurationIsVisible = 0;
			defaultConfigurationName = Release;
		};
		D3CDCDCE2C109F5000D7EB76 /* Build configuration list for PBXNativeTarget "WBApp" */ = {
			isa = XCConfigurationList;
			buildConfigurations = (
				D3CDCDCF2C109F5000D7EB76 /* Debug */,
				D3CDCDD02C109F5000D7EB76 /* Release */,
			);
			defaultConfigurationIsVisible = 0;
			defaultConfigurationName = Release;
		};
/* End XCConfigurationList section */
	};
	rootObject = D3CDCDB82C109F4F00D7EB76 /* Project object */;
}
